// !$*UTF8*$!
{
	archiveVersion = 1;
	classes = {
	};
	objectVersion = 46;
	objects = {

/* Begin PBXBuildFile section */
		96AA4A7D1AB11A5600952B94 /* main.m in Sources */ = {isa = PBXBuildFile; fileRef = 96AA4A7C1AB11A5600952B94 /* main.m */; };
		96AA4A801AB11A5600952B94 /* AppDelegate.m in Sources */ = {isa = PBXBuildFile; fileRef = 96AA4A7F1AB11A5600952B94 /* AppDelegate.m */; };
		96AA4A831AB11A5600952B94 /* ViewController.m in Sources */ = {isa = PBXBuildFile; fileRef = 96AA4A821AB11A5600952B94 /* ViewController.m */; };
		96AA4A861AB11A5600952B94 /* Main.storyboard in Resources */ = {isa = PBXBuildFile; fileRef = 96AA4A841AB11A5600952B94 /* Main.storyboard */; };
		96AA4A881AB11A5600952B94 /* Images.xcassets in Resources */ = {isa = PBXBuildFile; fileRef = 96AA4A871AB11A5600952B94 /* Images.xcassets */; };
		96AA4A8B1AB11A5600952B94 /* LaunchScreen.xib in Resources */ = {isa = PBXBuildFile; fileRef = 96AA4A891AB11A5600952B94 /* LaunchScreen.xib */; };
		96AA4A971AB11A5600952B94 /* _015_03_12_CustomUICollectionViewLayoutTests.m in Sources */ = {isa = PBXBuildFile; fileRef = 96AA4A961AB11A5600952B94 /* _015_03_12_CustomUICollectionViewLayoutTests.m */; };
		96AA4AA21AB11ED600952B94 /* CustomCollectionViewLayout.m in Sources */ = {isa = PBXBuildFile; fileRef = 96AA4AA11AB11ED600952B94 /* CustomCollectionViewLayout.m */; };
/* End PBXBuildFile section */

/* Begin PBXContainerItemProxy section */
		96AA4A911AB11A5600952B94 /* PBXContainerItemProxy */ = {
			isa = PBXContainerItemProxy;
			containerPortal = 96AA4A6F1AB11A5600952B94 /* Project object */;
			proxyType = 1;
			remoteGlobalIDString = 96AA4A761AB11A5600952B94;
			remoteInfo = "2015-03-12-CustomUICollectionViewLayout";
		};
/* End PBXContainerItemProxy section */

/* Begin PBXFileReference section */
		96AA4A771AB11A5600952B94 /* 2015-03-12-CustomUICollectionViewLayout.app */ = {isa = PBXFileReference; explicitFileType = wrapper.application; includeInIndex = 0; path = "2015-03-12-CustomUICollectionViewLayout.app"; sourceTree = BUILT_PRODUCTS_DIR; };
		96AA4A7B1AB11A5600952B94 /* Info.plist */ = {isa = PBXFileReference; lastKnownFileType = text.plist.xml; path = Info.plist; sourceTree = "<group>"; };
		96AA4A7C1AB11A5600952B94 /* main.m */ = {isa = PBXFileReference; lastKnownFileType = sourcecode.c.objc; path = main.m; sourceTree = "<group>"; };
		96AA4A7E1AB11A5600952B94 /* AppDelegate.h */ = {isa = PBXFileReference; lastKnownFileType = sourcecode.c.h; path = AppDelegate.h; sourceTree = "<group>"; };
		96AA4A7F1AB11A5600952B94 /* AppDelegate.m */ = {isa = PBXFileReference; lastKnownFileType = sourcecode.c.objc; path = AppDelegate.m; sourceTree = "<group>"; };
		96AA4A811AB11A5600952B94 /* ViewController.h */ = {isa = PBXFileReference; lastKnownFileType = sourcecode.c.h; path = ViewController.h; sourceTree = "<group>"; };
		96AA4A821AB11A5600952B94 /* ViewController.m */ = {isa = PBXFileReference; lastKnownFileType = sourcecode.c.objc; path = ViewController.m; sourceTree = "<group>"; };
		96AA4A851AB11A5600952B94 /* Base */ = {isa = PBXFileReference; lastKnownFileType = file.storyboard; name = Base; path = Base.lproj/Main.storyboard; sourceTree = "<group>"; };
		96AA4A871AB11A5600952B94 /* Images.xcassets */ = {isa = PBXFileReference; lastKnownFileType = folder.assetcatalog; path = Images.xcassets; sourceTree = "<group>"; };
		96AA4A8A1AB11A5600952B94 /* Base */ = {isa = PBXFileReference; lastKnownFileType = file.xib; name = Base; path = Base.lproj/LaunchScreen.xib; sourceTree = "<group>"; };
		96AA4A901AB11A5600952B94 /* 2015-03-12-CustomUICollectionViewLayoutTests.xctest */ = {isa = PBXFileReference; explicitFileType = wrapper.cfbundle; includeInIndex = 0; path = "2015-03-12-CustomUICollectionViewLayoutTests.xctest"; sourceTree = BUILT_PRODUCTS_DIR; };
		96AA4A951AB11A5600952B94 /* Info.plist */ = {isa = PBXFileReference; lastKnownFileType = text.plist.xml; path = Info.plist; sourceTree = "<group>"; };
		96AA4A961AB11A5600952B94 /* _015_03_12_CustomUICollectionViewLayoutTests.m */ = {isa = PBXFileReference; lastKnownFileType = sourcecode.c.objc; path = _015_03_12_CustomUICollectionViewLayoutTests.m; sourceTree = "<group>"; };
		96AA4AA01AB11ED600952B94 /* CustomCollectionViewLayout.h */ = {isa = PBXFileReference; fileEncoding = 4; lastKnownFileType = sourcecode.c.h; path = CustomCollectionViewLayout.h; sourceTree = "<group>"; };
		96AA4AA11AB11ED600952B94 /* CustomCollectionViewLayout.m */ = {isa = PBXFileReference; fileEncoding = 4; lastKnownFileType = sourcecode.c.objc; path = CustomCollectionViewLayout.m; sourceTree = "<group>"; };
/* End PBXFileReference section */

/* Begin PBXFrameworksBuildPhase section */
		96AA4A741AB11A5600952B94 /* Frameworks */ = {
			isa = PBXFrameworksBuildPhase;
			buildActionMask = 2147483647;
			files = (
			);
			runOnlyForDeploymentPostprocessing = 0;
		};
		96AA4A8D1AB11A5600952B94 /* Frameworks */ = {
			isa = PBXFrameworksBuildPhase;
			buildActionMask = 2147483647;
			files = (
			);
			runOnlyForDeploymentPostprocessing = 0;
		};
/* End PBXFrameworksBuildPhase section */

/* Begin PBXGroup section */
		96AA4A6E1AB11A5600952B94 = {
			isa = PBXGroup;
			children = (
				96AA4A791AB11A5600952B94 /* 2015-03-12-CustomUICollectionViewLayout */,
				96AA4A931AB11A5600952B94 /* 2015-03-12-CustomUICollectionViewLayoutTests */,
				96AA4A781AB11A5600952B94 /* Products */,
			);
			sourceTree = "<group>";
		};
		96AA4A781AB11A5600952B94 /* Products */ = {
			isa = PBXGroup;
			children = (
				96AA4A771AB11A5600952B94 /* 2015-03-12-CustomUICollectionViewLayout.app */,
				96AA4A901AB11A5600952B94 /* 2015-03-12-CustomUICollectionViewLayoutTests.xctest */,
			);
			name = Products;
			sourceTree = "<group>";
		};
		96AA4A791AB11A5600952B94 /* 2015-03-12-CustomUICollectionViewLayout */ = {
			isa = PBXGroup;
			children = (
				96AA4A7E1AB11A5600952B94 /* AppDelegate.h */,
				96AA4A7F1AB11A5600952B94 /* AppDelegate.m */,
				96AA4A811AB11A5600952B94 /* ViewController.h */,
				96AA4A821AB11A5600952B94 /* ViewController.m */,
				96AA4AA01AB11ED600952B94 /* CustomCollectionViewLayout.h */,
				96AA4AA11AB11ED600952B94 /* CustomCollectionViewLayout.m */,
				96AA4A841AB11A5600952B94 /* Main.storyboard */,
				96AA4A871AB11A5600952B94 /* Images.xcassets */,
				96AA4A891AB11A5600952B94 /* LaunchScreen.xib */,
				96AA4A7A1AB11A5600952B94 /* Supporting Files */,
			);
			path = "2015-03-12-CustomUICollectionViewLayout";
			sourceTree = "<group>";
		};
		96AA4A7A1AB11A5600952B94 /* Supporting Files */ = {
			isa = PBXGroup;
			children = (
				96AA4A7B1AB11A5600952B94 /* Info.plist */,
				96AA4A7C1AB11A5600952B94 /* main.m */,
			);
			name = "Supporting Files";
			sourceTree = "<group>";
		};
		96AA4A931AB11A5600952B94 /* 2015-03-12-CustomUICollectionViewLayoutTests */ = {
			isa = PBXGroup;
			children = (
				96AA4A961AB11A5600952B94 /* _015_03_12_CustomUICollectionViewLayoutTests.m */,
				96AA4A941AB11A5600952B94 /* Supporting Files */,
			);
			path = "2015-03-12-CustomUICollectionViewLayoutTests";
			sourceTree = "<group>";
		};
		96AA4A941AB11A5600952B94 /* Supporting Files */ = {
			isa = PBXGroup;
			children = (
				96AA4A951AB11A5600952B94 /* Info.plist */,
			);
			name = "Supporting Files";
			sourceTree = "<group>";
		};
/* End PBXGroup section */

/* Begin PBXNativeTarget section */
		96AA4A761AB11A5600952B94 /* 2015-03-12-CustomUICollectionViewLayout */ = {
			isa = PBXNativeTarget;
			buildConfigurationList = 96AA4A9A1AB11A5600952B94 /* Build configuration list for PBXNativeTarget "2015-03-12-CustomUICollectionViewLayout" */;
			buildPhases = (
				96AA4A731AB11A5600952B94 /* Sources */,
				96AA4A741AB11A5600952B94 /* Frameworks */,
				96AA4A751AB11A5600952B94 /* Resources */,
			);
			buildRules = (
			);
			dependencies = (
			);
			name = "2015-03-12-CustomUICollectionViewLayout";
			productName = "2015-03-12-CustomUICollectionViewLayout";
			productReference = 96AA4A771AB11A5600952B94 /* 2015-03-12-CustomUICollectionViewLayout.app */;
			productType = "com.apple.product-type.application";
		};
		96AA4A8F1AB11A5600952B94 /* 2015-03-12-CustomUICollectionViewLayoutTests */ = {
			isa = PBXNativeTarget;
			buildConfigurationList = 96AA4A9D1AB11A5600952B94 /* Build configuration list for PBXNativeTarget "2015-03-12-CustomUICollectionViewLayoutTests" */;
			buildPhases = (
				96AA4A8C1AB11A5600952B94 /* Sources */,
				96AA4A8D1AB11A5600952B94 /* Frameworks */,
				96AA4A8E1AB11A5600952B94 /* Resources */,
			);
			buildRules = (
			);
			dependencies = (
				96AA4A921AB11A5600952B94 /* PBXTargetDependency */,
			);
			name = "2015-03-12-CustomUICollectionViewLayoutTests";
			productName = "2015-03-12-CustomUICollectionViewLayoutTests";
			productReference = 96AA4A901AB11A5600952B94 /* 2015-03-12-CustomUICollectionViewLayoutTests.xctest */;
			productType = "com.apple.product-type.bundle.unit-test";
		};
/* End PBXNativeTarget section */

/* Begin PBXProject section */
		96AA4A6F1AB11A5600952B94 /* Project object */ = {
			isa = PBXProject;
			attributes = {
				LastUpgradeCheck = 0610;
				ORGANIZATIONNAME = tangjr;
				TargetAttributes = {
					96AA4A761AB11A5600952B94 = {
						CreatedOnToolsVersion = 6.1.1;
					};
					96AA4A8F1AB11A5600952B94 = {
						CreatedOnToolsVersion = 6.1.1;
						TestTargetID = 96AA4A761AB11A5600952B94;
					};
				};
			};
			buildConfigurationList = 96AA4A721AB11A5600952B94 /* Build configuration list for PBXProject "2015-03-12-CustomUICollectionViewLayout" */;
			compatibilityVersion = "Xcode 3.2";
			developmentRegion = English;
			hasScannedForEncodings = 0;
			knownRegions = (
				en,
				Base,
			);
			mainGroup = 96AA4A6E1AB11A5600952B94;
			productRefGroup = 96AA4A781AB11A5600952B94 /* Products */;
			projectDirPath = "";
			projectRoot = "";
			targets = (
				96AA4A761AB11A5600952B94 /* 2015-03-12-CustomUICollectionViewLayout */,
				96AA4A8F1AB11A5600952B94 /* 2015-03-12-CustomUICollectionViewLayoutTests */,
			);
		};
/* End PBXProject section */

/* Begin PBXResourcesBuildPhase section */
		96AA4A751AB11A5600952B94 /* Resources */ = {
			isa = PBXResourcesBuildPhase;
			buildActionMask = 2147483647;
			files = (
				96AA4A861AB11A5600952B94 /* Main.storyboard in Resources */,
				96AA4A8B1AB11A5600952B94 /* LaunchScreen.xib in Resources */,
				96AA4A881AB11A5600952B94 /* Images.xcassets in Resources */,
			);
			runOnlyForDeploymentPostprocessing = 0;
		};
		96AA4A8E1AB11A5600952B94 /* Resources */ = {
			isa = PBXResourcesBuildPhase;
			buildActionMask = 2147483647;
			files = (
			);
			runOnlyForDeploymentPostprocessing = 0;
		};
/* End PBXResourcesBuildPhase section */

/* Begin PBXSourcesBuildPhase section */
		96AA4A731AB11A5600952B94 /* Sources */ = {
			isa = PBXSourcesBuildPhase;
			buildActionMask = 2147483647;
			files = (
				96AA4A831AB11A5600952B94 /* ViewController.m in Sources */,
				96AA4A801AB11A5600952B94 /* AppDelegate.m in Sources */,
				96AA4A7D1AB11A5600952B94 /* main.m in Sources */,
				96AA4AA21AB11ED600952B94 /* CustomCollectionViewLayout.m in Sources */,
			);
			runOnlyForDeploymentPostprocessing = 0;
		};
		96AA4A8C1AB11A5600952B94 /* Sources */ = {
			isa = PBXSourcesBuildPhase;
			buildActionMask = 2147483647;
			files = (
				96AA4A971AB11A5600952B94 /* _015_03_12_CustomUICollectionViewLayoutTests.m in Sources */,
			);
			runOnlyForDeploymentPostprocessing = 0;
		};
/* End PBXSourcesBuildPhase section */

/* Begin PBXTargetDependency section */
		96AA4A921AB11A5600952B94 /* PBXTargetDependency */ = {
			isa = PBXTargetDependency;
			target = 96AA4A761AB11A5600952B94 /* 2015-03-12-CustomUICollectionViewLayout */;
			targetProxy = 96AA4A911AB11A5600952B94 /* PBXContainerItemProxy */;
		};
/* End PBXTargetDependency section */

/* Begin PBXVariantGroup section */
		96AA4A841AB11A5600952B94 /* Main.storyboard */ = {
			isa = PBXVariantGroup;
			children = (
				96AA4A851AB11A5600952B94 /* Base */,
			);
			name = Main.storyboard;
			sourceTree = "<group>";
		};
		96AA4A891AB11A5600952B94 /* LaunchScreen.xib */ = {
			isa = PBXVariantGroup;
			children = (
				96AA4A8A1AB11A5600952B94 /* Base */,
			);
			name = LaunchScreen.xib;
			sourceTree = "<group>";
		};
/* End PBXVariantGroup section */

/* Begin XCBuildConfiguration section */
		96AA4A981AB11A5600952B94 /* Debug */ = {
			isa = XCBuildConfiguration;
			buildSettings = {
				ALWAYS_SEARCH_USER_PATHS = NO;
				CLANG_CXX_LANGUAGE_STANDARD = "gnu++0x";
				CLANG_CXX_LIBRARY = "libc++";
				CLANG_ENABLE_MODULES = YES;
				CLANG_ENABLE_OBJC_ARC = YES;
				CLANG_WARN_BOOL_CONVERSION = YES;
				CLANG_WARN_CONSTANT_CONVERSION = YES;
				CLANG_WARN_DIRECT_OBJC_ISA_USAGE = YES_ERROR;
				CLANG_WARN_EMPTY_BODY = YES;
				CLANG_WARN_ENUM_CONVERSION = YES;
				CLANG_WARN_INT_CONVERSION = YES;
				CLANG_WARN_OBJC_ROOT_CLASS = YES_ERROR;
				CLANG_WARN_UNREACHABLE_CODE = YES;
				CLANG_WARN__DUPLICATE_METHOD_MATCH = YES;
				"CODE_SIGN_IDENTITY[sdk=iphoneos*]" = "iPhone Developer";
				COPY_PHASE_STRIP = NO;
				ENABLE_STRICT_OBJC_MSGSEND = YES;
				GCC_C_LANGUAGE_STANDARD = gnu99;
				GCC_DYNAMIC_NO_PIC = NO;
				GCC_OPTIMIZATION_LEVEL = 0;
				GCC_PREPROCESSOR_DEFINITIONS = (
					"DEBUG=1",
					"$(inherited)",
				);
				GCC_SYMBOLS_PRIVATE_EXTERN = NO;
				GCC_WARN_64_TO_32_BIT_CONVERSION = YES;
				GCC_WARN_ABOUT_RETURN_TYPE = YES_ERROR;
				GCC_WARN_UNDECLARED_SELECTOR = YES;
				GCC_WARN_UNINITIALIZED_AUTOS = YES_AGGRESSIVE;
				GCC_WARN_UNUSED_FUNCTION = YES;
				GCC_WARN_UNUSED_VARIABLE = YES;
				IPHONEOS_DEPLOYMENT_TARGET = 8.1;
				MTL_ENABLE_DEBUG_INFO = YES;
				ONLY_ACTIVE_ARCH = YES;
				SDKROOT = iphoneos;
			};
			name = Debug;
		};
		96AA4A991AB11A5600952B94 /* Release */ = {
			isa = XCBuildConfiguration;
			buildSettings = {
				ALWAYS_SEARCH_USER_PATHS = NO;
				CLANG_CXX_LANGUAGE_STANDARD = "gnu++0x";
				CLANG_CXX_LIBRARY = "libc++";
				CLANG_ENABLE_MODULES = YES;
				CLANG_ENABLE_OBJC_ARC = YES;
				CLANG_WARN_BOOL_CONVERSION = YES;
				CLANG_WARN_CONSTANT_CONVERSION = YES;
				CLANG_WARN_DIRECT_OBJC_ISA_USAGE = YES_ERROR;
				CLANG_WARN_EMPTY_BODY = YES;
				CLANG_WARN_ENUM_CONVERSION = YES;
				CLANG_WARN_INT_CONVERSION = YES;
				CLANG_WARN_OBJC_ROOT_CLASS = YES_ERROR;
				CLANG_WARN_UNREACHABLE_CODE = YES;
				CLANG_WARN__DUPLICATE_METHOD_MATCH = YES;
				"CODE_SIGN_IDENTITY[sdk=iphoneos*]" = "iPhone Developer";
				COPY_PHASE_STRIP = YES;
				ENABLE_NS_ASSERTIONS = NO;
				ENABLE_STRICT_OBJC_MSGSEND = YES;
				GCC_C_LANGUAGE_STANDARD = gnu99;
				GCC_WARN_64_TO_32_BIT_CONVERSION = YES;
				GCC_WARN_ABOUT_RETURN_TYPE = YES_ERROR;
				GCC_WARN_UNDECLARED_SELECTOR = YES;
				GCC_WARN_UNINITIALIZED_AUTOS = YES_AGGRESSIVE;
				GCC_WARN_UNUSED_FUNCTION = YES;
				GCC_WARN_UNUSED_VARIABLE = YES;
				IPHONEOS_DEPLOYMENT_TARGET = 8.1;
				MTL_ENABLE_DEBUG_INFO = NO;
				SDKROOT = iphoneos;
				VALIDATE_PRODUCT = YES;
			};
			name = Release;
		};
		96AA4A9B1AB11A5600952B94 /* Debug */ = {
			isa = XCBuildConfiguration;
			buildSettings = {
				ASSETCATALOG_COMPILER_APPICON_NAME = AppIcon;
				INFOPLIST_FILE = "2015-03-12-CustomUICollectionViewLayout/Info.plist";
				LD_RUNPATH_SEARCH_PATHS = "$(inherited) @executable_path/Frameworks";
				PRODUCT_NAME = "$(TARGET_NAME)";
			};
			name = Debug;
		};
		96AA4A9C1AB11A5600952B94 /* Release */ = {
			isa = XCBuildConfiguration;
			buildSettings = {
				ASSETCATALOG_COMPILER_APPICON_NAME = AppIcon;
				INFOPLIST_FILE = "2015-03-12-CustomUICollectionViewLayout/Info.plist";
				LD_RUNPATH_SEARCH_PATHS = "$(inherited) @executable_path/Frameworks";
				PRODUCT_NAME = "$(TARGET_NAME)";
			};
			name = Release;
		};
		96AA4A9E1AB11A5600952B94 /* Debug */ = {
			isa = XCBuildConfiguration;
			buildSettings = {
				BUNDLE_LOADER = "$(TEST_HOST)";
				FRAMEWORK_SEARCH_PATHS = (
					"$(SDKROOT)/Developer/Library/Frameworks",
					"$(inherited)",
				);
				GCC_PREPROCESSOR_DEFINITIONS = (
					"DEBUG=1",
					"$(inherited)",
				);
				INFOPLIST_FILE = "2015-03-12-CustomUICollectionViewLayoutTests/Info.plist";
				LD_RUNPATH_SEARCH_PATHS = "$(inherited) @executable_path/Frameworks @loader_path/Frameworks";
				PRODUCT_NAME = "$(TARGET_NAME)";
				TEST_HOST = "$(BUILT_PRODUCTS_DIR)/2015-03-12-CustomUICollectionViewLayout.app/2015-03-12-CustomUICollectionViewLayout";
			};
			name = Debug;
		};
		96AA4A9F1AB11A5600952B94 /* Release */ = {
			isa = XCBuildConfiguration;
			buildSettings = {
				BUNDLE_LOADER = "$(TEST_HOST)";
				FRAMEWORK_SEARCH_PATHS = (
					"$(SDKROOT)/Developer/Library/Frameworks",
					"$(inherited)",
				);
				INFOPLIST_FILE = "2015-03-12-CustomUICollectionViewLayoutTests/Info.plist";
				LD_RUNPATH_SEARCH_PATHS = "$(inherited) @executable_path/Frameworks @loader_path/Frameworks";
				PRODUCT_NAME = "$(TARGET_NAME)";
				TEST_HOST = "$(BUILT_PRODUCTS_DIR)/2015-03-12-CustomUICollectionViewLayout.app/2015-03-12-CustomUICollectionViewLayout";
			};
			name = Release;
		};
/* End XCBuildConfiguration section */

/* Begin XCConfigurationList section */
		96AA4A721AB11A5600952B94 /* Build configuration list for PBXProject "2015-03-12-CustomUICollectionViewLayout" */ = {
			isa = XCConfigurationList;
			buildConfigurations = (
				96AA4A981AB11A5600952B94 /* Debug */,
				96AA4A991AB11A5600952B94 /* Release */,
			);
			defaultConfigurationIsVisible = 0;
			defaultConfigurationName = Release;
		};
		96AA4A9A1AB11A5600952B94 /* Build configuration list for PBXNativeTarget "2015-03-12-CustomUICollectionViewLayout" */ = {
			isa = XCConfigurationList;
			buildConfigurations = (
				96AA4A9B1AB11A5600952B94 /* Debug */,
				96AA4A9C1AB11A5600952B94 /* Release */,
			);
			defaultConfigurationIsVisible = 0;
		};
		96AA4A9D1AB11A5600952B94 /* Build configuration list for PBXNativeTarget "2015-03-12-CustomUICollectionViewLayoutTests" */ = {
			isa = XCConfigurationList;
			buildConfigurations = (
				96AA4A9E1AB11A5600952B94 /* Debug */,
				96AA4A9F1AB11A5600952B94 /* Release */,
			);
			defaultConfigurationIsVisible = 0;
		};
/* End XCConfigurationList section */
	};
	rootObject = 96AA4A6F1AB11A5600952B94 /* Project object */;
}
